
Microsoft Visual Studio Solution File, Format Version 12.00
# Visual Studio Version 17
VisualStudioVersion = 17.0.31903.59
MinimumVisualStudioVersion = 10.0.40219.1
Project("{FAE04EC0-301F-11D3-BF4B-00C04F79EFBC}") = "GitViewer.Api", "GitViewer.Api\GitViewer.Api.csproj", "{4544C769-6047-4B21-AEA7-2D9251D39A1B}"
EndProject
Project("{FAE04EC0-301F-11D3-BF4B-00C04F79EFBC}") = "GitViewer.DataAccess", "GitViewer.DataAccess\GitViewer.DataAccess.csproj", "{2E38216E-5C57-4DA1-BD56-9ED0FDF0A1F0}"
EndProject
Project("{FAE04EC0-301F-11D3-BF4B-00C04F79EFBC}") = "GitViewer.Tests", "GitViewer.Tests\GitViewer.Tests.csproj", "{1D42198E-0C50-42D6-A889-FF613DC0B2D2}"
EndProject
Project("{FAE04EC0-301F-11D3-BF4B-00C04F79EFBC}") = "AppHost", "AppHost\AppHost.csproj", "{A3D7A102-2F51-4F9C-B957-30041C4B2FFD}"
EndProject
Project("{FAE04EC0-301F-11D3-BF4B-00C04F79EFBC}") = "ServiceDefaults", "ServiceDefaults\ServiceDefaults.csproj", "{8B0CF1DD-EA9D-46CE-B2B0-8FF6455EEDF4}"
EndProject
Project("{FAE04EC0-301F-11D3-BF4B-00C04F79EFBC}") = "GitViewer.MigrationService", "GitViewer.MigrationService\GitViewer.MigrationService.csproj", "{9401516B-6834-34D8-4ADB-404D4C40F1A6}"
EndProject
Global
	GlobalSection(SolutionConfigurationPlatforms) = preSolution
		Debug|Any CPU = Debug|Any CPU
		Debug|x64 = Debug|x64
		Debug|x86 = Debug|x86
		Release|Any CPU = Release|Any CPU
		Release|x64 = Release|x64
		Release|x86 = Release|x86
	EndGlobalSection
	GlobalSection(ProjectConfigurationPlatforms) = postSolution
		{4544C769-6047-4B21-AEA7-2D9251D39A1B}.Debug|Any CPU.ActiveCfg = Debug|Any CPU
		{4544C769-6047-4B21-AEA7-2D9251D39A1B}.Debug|Any CPU.Build.0 = Debug|Any CPU
		{4544C769-6047-4B21-AEA7-2D9251D39A1B}.Debug|x64.ActiveCfg = Debug|Any CPU
		{4544C769-6047-4B21-AEA7-2D9251D39A1B}.Debug|x64.Build.0 = Debug|Any CPU
		{4544C769-6047-4B21-AEA7-2D9251D39A1B}.Debug|x86.ActiveCfg = Debug|Any CPU
		{4544C769-6047-4B21-AEA7-2D9251D39A1B}.Debug|x86.Build.0 = Debug|Any CPU
		{4544C769-6047-4B21-AEA7-2D9251D39A1B}.Release|Any CPU.ActiveCfg = Release|Any CPU
		{4544C769-6047-4B21-AEA7-2D9251D39A1B}.Release|Any CPU.Build.0 = Release|Any CPU
		{4544C769-6047-4B21-AEA7-2D9251D39A1B}.Release|x64.ActiveCfg = Release|Any CPU
		{4544C769-6047-4B21-AEA7-2D9251D39A1B}.Release|x64.Build.0 = Release|Any CPU
		{4544C769-6047-4B21-AEA7-2D9251D39A1B}.Release|x86.ActiveCfg = Release|Any CPU
		{4544C769-6047-4B21-AEA7-2D9251D39A1B}.Release|x86.Build.0 = Release|Any CPU
		{2E38216E-5C57-4DA1-BD56-9ED0FDF0A1F0}.Debug|Any CPU.ActiveCfg = Debug|Any CPU
		{2E38216E-5C57-4DA1-BD56-9ED0FDF0A1F0}.Debug|Any CPU.Build.0 = Debug|Any CPU
		{2E38216E-5C57-4DA1-BD56-9ED0FDF0A1F0}.Debug|x64.ActiveCfg = Debug|Any CPU
		{2E38216E-5C57-4DA1-BD56-9ED0FDF0A1F0}.Debug|x64.Build.0 = Debug|Any CPU
		{2E38216E-5C57-4DA1-BD56-9ED0FDF0A1F0}.Debug|x86.ActiveCfg = Debug|Any CPU
		{2E38216E-5C57-4DA1-BD56-9ED0FDF0A1F0}.Debug|x86.Build.0 = Debug|Any CPU
		{2E38216E-5C57-4DA1-BD56-9ED0FDF0A1F0}.Release|Any CPU.ActiveCfg = Release|Any CPU
		{2E38216E-5C57-4DA1-BD56-9ED0FDF0A1F0}.Release|Any CPU.Build.0 = Release|Any CPU
		{2E38216E-5C57-4DA1-BD56-9ED0FDF0A1F0}.Release|x64.ActiveCfg = Release|Any CPU
		{2E38216E-5C57-4DA1-BD56-9ED0FDF0A1F0}.Release|x64.Build.0 = Release|Any CPU
		{2E38216E-5C57-4DA1-BD56-9ED0FDF0A1F0}.Release|x86.ActiveCfg = Release|Any CPU
		{2E38216E-5C57-4DA1-BD56-9ED0FDF0A1F0}.Release|x86.Build.0 = Release|Any CPU
		{1D42198E-0C50-42D6-A889-FF613DC0B2D2}.Debug|Any CPU.ActiveCfg = Debug|Any CPU
		{1D42198E-0C50-42D6-A889-FF613DC0B2D2}.Debug|Any CPU.Build.0 = Debug|Any CPU
		{1D42198E-0C50-42D6-A889-FF613DC0B2D2}.Debug|x64.ActiveCfg = Debug|Any CPU
		{1D42198E-0C50-42D6-A889-FF613DC0B2D2}.Debug|x64.Build.0 = Debug|Any CPU
		{1D42198E-0C50-42D6-A889-FF613DC0B2D2}.Debug|x86.ActiveCfg = Debug|Any CPU
		{1D42198E-0C50-42D6-A889-FF613DC0B2D2}.Debug|x86.Build.0 = Debug|Any CPU
		{1D42198E-0C50-42D6-A889-FF613DC0B2D2}.Release|Any CPU.ActiveCfg = Release|Any CPU
		{1D42198E-0C50-42D6-A889-FF613DC0B2D2}.Release|Any CPU.Build.0 = Release|Any CPU
		{1D42198E-0C50-42D6-A889-FF613DC0B2D2}.Release|x64.ActiveCfg = Release|Any CPU
		{1D42198E-0C50-42D6-A889-FF613DC0B2D2}.Release|x64.Build.0 = Release|Any CPU
		{1D42198E-0C50-42D6-A889-FF613DC0B2D2}.Release|x86.ActiveCfg = Release|Any CPU
		{1D42198E-0C50-42D6-A889-FF613DC0B2D2}.Release|x86.Build.0 = Release|Any CPU
		{A3D7A102-2F51-4F9C-B957-30041C4B2FFD}.Debug|Any CPU.ActiveCfg = Debug|Any CPU
		{A3D7A102-2F51-4F9C-B957-30041C4B2FFD}.Debug|Any CPU.Build.0 = Debug|Any CPU
		{A3D7A102-2F51-4F9C-B957-30041C4B2FFD}.Debug|x64.ActiveCfg = Debug|Any CPU
		{A3D7A102-2F51-4F9C-B957-30041C4B2FFD}.Debug|x64.Build.0 = Debug|Any CPU
		{A3D7A102-2F51-4F9C-B957-30041C4B2FFD}.Debug|x86.ActiveCfg = Debug|Any CPU
		{A3D7A102-2F51-4F9C-B957-30041C4B2FFD}.Debug|x86.Build.0 = Debug|Any CPU
		{A3D7A102-2F51-4F9C-B957-30041C4B2FFD}.Release|Any CPU.ActiveCfg = Release|Any CPU
		{A3D7A102-2F51-4F9C-B957-30041C4B2FFD}.Release|Any CPU.Build.0 = Release|Any CPU
		{A3D7A102-2F51-4F9C-B957-30041C4B2FFD}.Release|x64.ActiveCfg = Release|Any CPU
		{A3D7A102-2F51-4F9C-B957-30041C4B2FFD}.Release|x64.Build.0 = Release|Any CPU
		{A3D7A102-2F51-4F9C-B957-30041C4B2FFD}.Release|x86.ActiveCfg = Release|Any CPU
		{A3D7A102-2F51-4F9C-B957-30041C4B2FFD}.Release|x86.Build.0 = Release|Any CPU
		{8B0CF1DD-EA9D-46CE-B2B0-8FF6455EEDF4}.Debug|Any CPU.ActiveCfg = Debug|Any CPU
		{8B0CF1DD-EA9D-46CE-B2B0-8FF6455EEDF4}.Debug|Any CPU.Build.0 = Debug|Any CPU
		{8B0CF1DD-EA9D-46CE-B2B0-8FF6455EEDF4}.Debug|x64.ActiveCfg = Debug|Any CPU
		{8B0CF1DD-EA9D-46CE-B2B0-8FF6455EEDF4}.Debug|x64.Build.0 = Debug|Any CPU
		{8B0CF1DD-EA9D-46CE-B2B0-8FF6455EEDF4}.Debug|x86.ActiveCfg = Debug|Any CPU
		{8B0CF1DD-EA9D-46CE-B2B0-8FF6455EEDF4}.Debug|x86.Build.0 = Debug|Any CPU
		{8B0CF1DD-EA9D-46CE-B2B0-8FF6455EEDF4}.Release|Any CPU.ActiveCfg = Release|Any CPU
		{8B0CF1DD-EA9D-46CE-B2B0-8FF6455EEDF4}.Release|Any CPU.Build.0 = Release|Any CPU
		{8B0CF1DD-EA9D-46CE-B2B0-8FF6455EEDF4}.Release|x64.ActiveCfg = Release|Any CPU
		{8B0CF1DD-EA9D-46CE-B2B0-8FF6455EEDF4}.Release|x64.Build.0 = Release|Any CPU
		{8B0CF1DD-EA9D-46CE-B2B0-8FF6455EEDF4}.Release|x86.ActiveCfg = Release|Any CPU
		{8B0CF1DD-EA9D-46CE-B2B0-8FF6455EEDF4}.Release|x86.Build.0 = Release|Any CPU
		{9401516B-6834-34D8-4ADB-404D4C40F1A6}.Debug|Any CPU.ActiveCfg = Debug|Any CPU
		{9401516B-6834-34D8-4ADB-404D4C40F1A6}.Debug|Any CPU.Build.0 = Debug|Any CPU
		{9401516B-6834-34D8-4ADB-404D4C40F1A6}.Debug|x64.ActiveCfg = Debug|Any CPU
		{9401516B-6834-34D8-4ADB-404D4C40F1A6}.Debug|x64.Build.0 = Debug|Any CPU
		{9401516B-6834-34D8-4ADB-404D4C40F1A6}.Debug|x86.ActiveCfg = Debug|Any CPU
		{9401516B-6834-34D8-4ADB-404D4C40F1A6}.Debug|x86.Build.0 = Debug|Any CPU
		{9401516B-6834-34D8-4ADB-404D4C40F1A6}.Release|Any CPU.ActiveCfg = Release|Any CPU
		{9401516B-6834-34D8-4ADB-404D4C40F1A6}.Release|Any CPU.Build.0 = Release|Any CPU
		{9401516B-6834-34D8-4ADB-404D4C40F1A6}.Release|x64.ActiveCfg = Release|Any CPU
		{9401516B-6834-34D8-4ADB-404D4C40F1A6}.Release|x64.Build.0 = Release|Any CPU
		{9401516B-6834-34D8-4ADB-404D4C40F1A6}.Release|x86.ActiveCfg = Release|Any CPU
		{9401516B-6834-34D8-4ADB-404D4C40F1A6}.Release|x86.Build.0 = Release|Any CPU
	EndGlobalSection
	GlobalSection(SolutionProperties) = preSolution
		HideSolutionNode = FALSE
	EndGlobalSection
	GlobalSection(ExtensibilityGlobals) = postSolution
		SolutionGuid = {C3E8BE10-6220-4C3F-A8F5-192B3B5E1999}
	EndGlobalSection
EndGlobal
